{
  "format_version": "1.0",
  "terraform_version": "1.1.5",
  "planned_values": {
    "root_module": {
      "resources": [
        {
          "address": "aws_s3_bucket.example",
          "mode": "managed",
          "type": "aws_s3_bucket",
          "name": "example",
          "provider_name": "registry.terraform.io/hashicorp/aws",
          "schema_version": 0,
          "values": {
            "bucket": "example",
            "bucket_prefix": null,
            "force_destroy": false,
            "tags": null
          },
          "sensitive_values": {
            "cors_rule": [],
            "grant": [],
            "lifecycle_rule": [],
            "logging": [],
            "object_lock_configuration": [],
            "replication_configuration": [],
            "server_side_encryption_configuration": [],
            "tags_all": {},
            "versioning": [],
            "website": []
          }
        }
      ],
      "child_modules": [
        {
          "resources": [
            {
              "address": "module.s3_module.aws_s3_bucket_public_access_block.var_bucket",
              "mode": "managed",
              "type": "aws_s3_bucket_public_access_block",
              "name": "var_bucket",
              "provider_name": "registry.terraform.io/hashicorp/aws",
              "schema_version": 0,
              "values": {
                "block_public_acls": true,
                "block_public_policy": true,
                "ignore_public_acls": true,
                "restrict_public_buckets": true
              },
              "sensitive_values": {}
            }
          ],
          "address": "module.s3_module"
        }
      ]
    }
  },
  "resource_changes": [
    {
      "address": "aws_s3_bucket.example",
      "mode": "managed",
      "type": "aws_s3_bucket",
      "name": "example",
      "provider_name": "registry.terraform.io/hashicorp/aws",
      "change": {
        "actions": [
          "create"
        ],
        "before": null,
        "after": {
          "bucket": "example",
          "bucket_prefix": null,
          "force_destroy": false,
          "tags": null
        },
        "after_unknown": {
          "acceleration_status": true,
          "acl": true,
          "arn": true,
          "bucket_domain_name": true,
          "bucket_regional_domain_name": true,
          "cors_rule": true,
          "grant": true,
          "hosted_zone_id": true,
          "id": true,
          "lifecycle_rule": true,
          "logging": true,
          "object_lock_configuration": true,
          "object_lock_enabled": true,
          "policy": true,
          "region": true,
          "replication_configuration": true,
          "request_payer": true,
          "server_side_encryption_configuration": true,
          "tags_all": true,
          "versioning": true,
          "website": true,
          "website_domain": true,
          "website_endpoint": true
        },
        "before_sensitive": false,
        "after_sensitive": {
          "cors_rule": [],
          "grant": [],
          "lifecycle_rule": [],
          "logging": [],
          "object_lock_configuration": [],
          "replication_configuration": [],
          "server_side_encryption_configuration": [],
          "tags_all": {},
          "versioning": [],
          "website": []
        }
      }
    },
    {
      "address": "module.s3_module.aws_s3_bucket_public_access_block.var_bucket",
      "module_address": "module.s3_module",
      "mode": "managed",
      "type": "aws_s3_bucket_public_access_block",
      "name": "var_bucket",
      "provider_name": "registry.terraform.io/hashicorp/aws",
      "change": {
        "actions": [
          "create"
        ],
        "before": null,
        "after": {
          "block_public_acls": true,
          "block_public_policy": true,
          "ignore_public_acls": true,
          "restrict_public_buckets": true
        },
        "after_unknown": {
          "bucket": true,
          "id": true
        },
        "before_sensitive": false,
        "after_sensitive": {}
      }
    }
  ],
  "configuration": {
    "provider_config": {
      "aws": {
        "name": "aws",
        "expressions": {
          "profile": {
            "constant_value": "dev2"
          },
          "region": {
            "constant_value": "us-west-2"
          }
        }
      }
    },
    "root_module": {
      "resources": [
        {
          "address": "aws_s3_bucket.example",
          "mode": "managed",
          "type": "aws_s3_bucket",
          "name": "example",
          "provider_config_key": "aws",
          "expressions": {
            "bucket": {
              "constant_value": "example"
            }
          },
          "schema_version": 0
        }
      ],
      "module_calls": {
        "s3_module": {
          "source": "./module",
          "expressions": {
            "bucket": {
              "references": [
                "aws_s3_bucket.example.id",
                "aws_s3_bucket.example"
              ]
            }
          },
          "module": {
            "resources": [
              {
                "address": "aws_s3_bucket_public_access_block.var_bucket",
                "mode": "managed",
                "type": "aws_s3_bucket_public_access_block",
                "name": "var_bucket",
                "provider_config_key": "s3_module:aws",
                "expressions": {
                  "block_public_acls": {
                    "constant_value": true
                  },
                  "block_public_policy": {
                    "constant_value": true
                  },
                  "bucket": {
                    "references": [
                      "local.bucket"
                    ]
                  },
                  "ignore_public_acls": {
                    "constant_value": true
                  },
                  "restrict_public_buckets": {
                    "constant_value": true
                  }
                },
                "schema_version": 0
              }
            ],
            "variables": {
              "bucket": {}
            }
          }
        }
      }
    }
  }
}
